// !$*UTF8*$!
{
	archiveVersion = 1;
	classes = {
	};
	objectVersion = 55;
	objects = {

/* Begin PBXBuildFile section */
		DD6C911A282CA0680029301B /* EnvErrorApp.swift in Sources */ = {isa = PBXBuildFile; fileRef = DD6C9119282CA0680029301B /* EnvErrorApp.swift */; };
		DD6C911C282CA0680029301B /* ContentView.swift in Sources */ = {isa = PBXBuildFile; fileRef = DD6C911B282CA0680029301B /* ContentView.swift */; };
		DD6C911E282CA0690029301B /* Assets.xcassets in Resources */ = {isa = PBXBuildFile; fileRef = DD6C911D282CA0690029301B /* Assets.xcassets */; };
		DD6C9121282CA0690029301B /* Preview Assets.xcassets in Resources */ = {isa = PBXBuildFile; fileRef = DD6C9120282CA0690029301B /* Preview Assets.xcassets */; };
		DD6C9123282CA0690029301B /* Persistence.swift in Sources */ = {isa = PBXBuildFile; fileRef = DD6C9122282CA0690029301B /* Persistence.swift */; };
		DD6C9126282CA0690029301B /* EnvError.xcdatamodeld in Sources */ = {isa = PBXBuildFile; fileRef = DD6C9124282CA0690029301B /* EnvError.xcdatamodeld */; };
		DD6C9131282CA0690029301B /* EnvErrorTests.swift in Sources */ = {isa = PBXBuildFile; fileRef = DD6C9130282CA0690029301B /* EnvErrorTests.swift */; };
		DD6C914C282CA3FB0029301B /* ViewInspector in Frameworks */ = {isa = PBXBuildFile; productRef = DD6C914B282CA3FB0029301B /* ViewInspector */; };
/* End PBXBuildFile section */

/* Begin PBXContainerItemProxy section */
		DD6C912D282CA0690029301B /* PBXContainerItemProxy */ = {
			isa = PBXContainerItemProxy;
			containerPortal = DD6C910E282CA0670029301B /* Project object */;
			proxyType = 1;
			remoteGlobalIDString = DD6C9115282CA0680029301B;
			remoteInfo = EnvError;
		};
		DD6C9137282CA0690029301B /* PBXContainerItemProxy */ = {
			isa = PBXContainerItemProxy;
			containerPortal = DD6C910E282CA0670029301B /* Project object */;
			proxyType = 1;
			remoteGlobalIDString = DD6C9115282CA0680029301B;
			remoteInfo = EnvError;
		};
/* End PBXContainerItemProxy section */

/* Begin PBXFileReference section */
		DD6C9116282CA0680029301B /* EnvError.app */ = {isa = PBXFileReference; explicitFileType = wrapper.application; includeInIndex = 0; path = EnvError.app; sourceTree = BUILT_PRODUCTS_DIR; };
		DD6C9119282CA0680029301B /* EnvErrorApp.swift */ = {isa = PBXFileReference; lastKnownFileType = sourcecode.swift; path = EnvErrorApp.swift; sourceTree = "<group>"; };
		DD6C911B282CA0680029301B /* ContentView.swift */ = {isa = PBXFileReference; lastKnownFileType = sourcecode.swift; path = ContentView.swift; sourceTree = "<group>"; };
		DD6C911D282CA0690029301B /* Assets.xcassets */ = {isa = PBXFileReference; lastKnownFileType = folder.assetcatalog; path = Assets.xcassets; sourceTree = "<group>"; };
		DD6C9120282CA0690029301B /* Preview Assets.xcassets */ = {isa = PBXFileReference; lastKnownFileType = folder.assetcatalog; path = "Preview Assets.xcassets"; sourceTree = "<group>"; };
		DD6C9122282CA0690029301B /* Persistence.swift */ = {isa = PBXFileReference; lastKnownFileType = sourcecode.swift; path = Persistence.swift; sourceTree = "<group>"; };
		DD6C9125282CA0690029301B /* EnvError.xcdatamodel */ = {isa = PBXFileReference; lastKnownFileType = wrapper.xcdatamodel; path = EnvError.xcdatamodel; sourceTree = "<group>"; };
		DD6C9127282CA0690029301B /* EnvError.entitlements */ = {isa = PBXFileReference; lastKnownFileType = text.plist.entitlements; path = EnvError.entitlements; sourceTree = "<group>"; };
		DD6C912C282CA0690029301B /* EnvErrorTests.xctest */ = {isa = PBXFileReference; explicitFileType = wrapper.cfbundle; includeInIndex = 0; path = EnvErrorTests.xctest; sourceTree = BUILT_PRODUCTS_DIR; };
		DD6C9130282CA0690029301B /* EnvErrorTests.swift */ = {isa = PBXFileReference; lastKnownFileType = sourcecode.swift; path = EnvErrorTests.swift; sourceTree = "<group>"; };
		DD6C9136282CA0690029301B /* EnvErrorUITests.xctest */ = {isa = PBXFileReference; explicitFileType = wrapper.cfbundle; includeInIndex = 0; path = EnvErrorUITests.xctest; sourceTree = BUILT_PRODUCTS_DIR; };
/* End PBXFileReference section */

/* Begin PBXFrameworksBuildPhase section */
		DD6C9113282CA0680029301B /* Frameworks */ = {
			isa = PBXFrameworksBuildPhase;
			buildActionMask = 2147483647;
			files = (
			);
			runOnlyForDeploymentPostprocessing = 0;
		};
		DD6C9129282CA0690029301B /* Frameworks */ = {
			isa = PBXFrameworksBuildPhase;
			buildActionMask = 2147483647;
			files = (
				DD6C914C282CA3FB0029301B /* ViewInspector in Frameworks */,
			);
			runOnlyForDeploymentPostprocessing = 0;
		};
		DD6C9133282CA0690029301B /* Frameworks */ = {
			isa = PBXFrameworksBuildPhase;
			buildActionMask = 2147483647;
			files = (
			);
			runOnlyForDeploymentPostprocessing = 0;
		};
/* End PBXFrameworksBuildPhase section */

/* Begin PBXGroup section */
		DD6C910D282CA0670029301B = {
			isa = PBXGroup;
			children = (
				DD6C9118282CA0680029301B /* EnvError */,
				DD6C912F282CA0690029301B /* EnvErrorTests */,
				DD6C9117282CA0680029301B /* Products */,
			);
			sourceTree = "<group>";
		};
		DD6C9117282CA0680029301B /* Products */ = {
			isa = PBXGroup;
			children = (
				DD6C9116282CA0680029301B /* EnvError.app */,
				DD6C912C282CA0690029301B /* EnvErrorTests.xctest */,
				DD6C9136282CA0690029301B /* EnvErrorUITests.xctest */,
			);
			name = Products;
			sourceTree = "<group>";
		};
		DD6C9118282CA0680029301B /* EnvError */ = {
			isa = PBXGroup;
			children = (
				DD6C9119282CA0680029301B /* EnvErrorApp.swift */,
				DD6C911B282CA0680029301B /* ContentView.swift */,
				DD6C911D282CA0690029301B /* Assets.xcassets */,
				DD6C9122282CA0690029301B /* Persistence.swift */,
				DD6C9127282CA0690029301B /* EnvError.entitlements */,
				DD6C9124282CA0690029301B /* EnvError.xcdatamodeld */,
				DD6C911F282CA0690029301B /* Preview Content */,
			);
			path = EnvError;
			sourceTree = "<group>";
		};
		DD6C911F282CA0690029301B /* Preview Content */ = {
			isa = PBXGroup;
			children = (
				DD6C9120282CA0690029301B /* Preview Assets.xcassets */,
			);
			path = "Preview Content";
			sourceTree = "<group>";
		};
		DD6C912F282CA0690029301B /* EnvErrorTests */ = {
			isa = PBXGroup;
			children = (
				DD6C9130282CA0690029301B /* EnvErrorTests.swift */,
			);
			path = EnvErrorTests;
			sourceTree = "<group>";
		};
/* End PBXGroup section */

/* Begin PBXNativeTarget section */
		DD6C9115282CA0680029301B /* EnvError */ = {
			isa = PBXNativeTarget;
			buildConfigurationList = DD6C9140282CA0690029301B /* Build configuration list for PBXNativeTarget "EnvError" */;
			buildPhases = (
				DD6C9112282CA0680029301B /* Sources */,
				DD6C9113282CA0680029301B /* Frameworks */,
				DD6C9114282CA0680029301B /* Resources */,
			);
			buildRules = (
			);
			dependencies = (
			);
			name = EnvError;
			productName = EnvError;
			productReference = DD6C9116282CA0680029301B /* EnvError.app */;
			productType = "com.apple.product-type.application";
		};
		DD6C912B282CA0690029301B /* EnvErrorTests */ = {
			isa = PBXNativeTarget;
			buildConfigurationList = DD6C9143282CA0690029301B /* Build configuration list for PBXNativeTarget "EnvErrorTests" */;
			buildPhases = (
				DD6C9128282CA0690029301B /* Sources */,
				DD6C9129282CA0690029301B /* Frameworks */,
				DD6C912A282CA0690029301B /* Resources */,
			);
			buildRules = (
			);
			dependencies = (
				DD6C912E282CA0690029301B /* PBXTargetDependency */,
			);
			name = EnvErrorTests;
			packageProductDependencies = (
				DD6C914B282CA3FB0029301B /* ViewInspector */,
			);
			productName = EnvErrorTests;
			productReference = DD6C912C282CA0690029301B /* EnvErrorTests.xctest */;
			productType = "com.apple.product-type.bundle.unit-test";
		};
		DD6C9135282CA0690029301B /* EnvErrorUITests */ = {
			isa = PBXNativeTarget;
			buildConfigurationList = DD6C9146282CA0690029301B /* Build configuration list for PBXNativeTarget "EnvErrorUITests" */;
			buildPhases = (
				DD6C9132282CA0690029301B /* Sources */,
				DD6C9133282CA0690029301B /* Frameworks */,
				DD6C9134282CA0690029301B /* Resources */,
			);
			buildRules = (
			);
			dependencies = (
				DD6C9138282CA0690029301B /* PBXTargetDependency */,
			);
			name = EnvErrorUITests;
			productName = EnvErrorUITests;
			productReference = DD6C9136282CA0690029301B /* EnvErrorUITests.xctest */;
			productType = "com.apple.product-type.bundle.ui-testing";
		};
/* End PBXNativeTarget section */

/* Begin PBXProject section */
		DD6C910E282CA0670029301B /* Project object */ = {
			isa = PBXProject;
			attributes = {
				BuildIndependentTargetsInParallel = 1;
				LastSwiftUpdateCheck = 1330;
				LastUpgradeCheck = 1330;
				TargetAttributes = {
					DD6C9115282CA0680029301B = {
						CreatedOnToolsVersion = 13.3.1;
					};
					DD6C912B282CA0690029301B = {
						CreatedOnToolsVersion = 13.3.1;
						TestTargetID = DD6C9115282CA0680029301B;
					};
					DD6C9135282CA0690029301B = {
						CreatedOnToolsVersion = 13.3.1;
						TestTargetID = DD6C9115282CA0680029301B;
					};
				};
			};
			buildConfigurationList = DD6C9111282CA0670029301B /* Build configuration list for PBXProject "EnvError" */;
			compatibilityVersion = "Xcode 13.0";
			developmentRegion = en;
			hasScannedForEncodings = 0;
			knownRegions = (
				en,
				Base,
			);
			mainGroup = DD6C910D282CA0670029301B;
			packageReferences = (
				DD6C914A282CA3FB0029301B /* XCRemoteSwiftPackageReference "ViewInspector" */,
			);
			productRefGroup = DD6C9117282CA0680029301B /* Products */;
			projectDirPath = "";
			projectRoot = "";
			targets = (
				DD6C9115282CA0680029301B /* EnvError */,
				DD6C912B282CA0690029301B /* EnvErrorTests */,
				DD6C9135282CA0690029301B /* EnvErrorUITests */,
			);
		};
/* End PBXProject section */

/* Begin PBXResourcesBuildPhase section */
		DD6C9114282CA0680029301B /* Resources */ = {
			isa = PBXResourcesBuildPhase;
			buildActionMask = 2147483647;
			files = (
				DD6C9121282CA0690029301B /* Preview Assets.xcassets in Resources */,
				DD6C911E282CA0690029301B /* Assets.xcassets in Resources */,
			);
			runOnlyForDeploymentPostprocessing = 0;
		};
		DD6C912A282CA0690029301B /* Resources */ = {
			isa = PBXResourcesBuildPhase;
			buildActionMask = 2147483647;
			files = (
			);
			runOnlyForDeploymentPostprocessing = 0;
		};
		DD6C9134282CA0690029301B /* Resources */ = {
			isa = PBXResourcesBuildPhase;
			buildActionMask = 2147483647;
			files = (
			);
			runOnlyForDeploymentPostprocessing = 0;
		};
/* End PBXResourcesBuildPhase section */

/* Begin PBXSourcesBuildPhase section */
		DD6C9112282CA0680029301B /* Sources */ = {
			isa = PBXSourcesBuildPhase;
			buildActionMask = 2147483647;
			files = (
				DD6C9126282CA0690029301B /* EnvError.xcdatamodeld in Sources */,
				DD6C9123282CA0690029301B /* Persistence.swift in Sources */,
				DD6C911C282CA0680029301B /* ContentView.swift in Sources */,
				DD6C911A282CA0680029301B /* EnvErrorApp.swift in Sources */,
			);
			runOnlyForDeploymentPostprocessing = 0;
		};
		DD6C9128282CA0690029301B /* Sources */ = {
			isa = PBXSourcesBuildPhase;
			buildActionMask = 2147483647;
			files = (
				DD6C9131282CA0690029301B /* EnvErrorTests.swift in Sources */,
			);
			runOnlyForDeploymentPostprocessing = 0;
		};
		DD6C9132282CA0690029301B /* Sources */ = {
			isa = PBXSourcesBuildPhase;
			buildActionMask = 2147483647;
			files = (
			);
			runOnlyForDeploymentPostprocessing = 0;
		};
/* End PBXSourcesBuildPhase section */

/* Begin PBXTargetDependency section */
		DD6C912E282CA0690029301B /* PBXTargetDependency */ = {
			isa = PBXTargetDependency;
			target = DD6C9115282CA0680029301B /* EnvError */;
			targetProxy = DD6C912D282CA0690029301B /* PBXContainerItemProxy */;
		};
		DD6C9138282CA0690029301B /* PBXTargetDependency */ = {
			isa = PBXTargetDependency;
			target = DD6C9115282CA0680029301B /* EnvError */;
			targetProxy = DD6C9137282CA0690029301B /* PBXContainerItemProxy */;
		};
/* End PBXTargetDependency section */

/* Begin XCBuildConfiguration section */
		DD6C913E282CA0690029301B /* Debug */ = {
			isa = XCBuildConfiguration;
			buildSettings = {
				ALWAYS_SEARCH_USER_PATHS = NO;
				CLANG_ANALYZER_NONNULL = YES;
				CLANG_ANALYZER_NUMBER_OBJECT_CONVERSION = YES_AGGRESSIVE;
				CLANG_CXX_LANGUAGE_STANDARD = "gnu++17";
				CLANG_ENABLE_MODULES = YES;
				CLANG_ENABLE_OBJC_ARC = YES;
				CLANG_ENABLE_OBJC_WEAK = YES;
				CLANG_WARN_BLOCK_CAPTURE_AUTORELEASING = YES;
				CLANG_WARN_BOOL_CONVERSION = YES;
				CLANG_WARN_COMMA = YES;
				CLANG_WARN_CONSTANT_CONVERSION = YES;
				CLANG_WARN_DEPRECATED_OBJC_IMPLEMENTATIONS = YES;
				CLANG_WARN_DIRECT_OBJC_ISA_USAGE = YES_ERROR;
				CLANG_WARN_DOCUMENTATION_COMMENTS = YES;
				CLANG_WARN_EMPTY_BODY = YES;
				CLANG_WARN_ENUM_CONVERSION = YES;
				CLANG_WARN_INFINITE_RECURSION = YES;
				CLANG_WARN_INT_CONVERSION = YES;
				CLANG_WARN_NON_LITERAL_NULL_CONVERSION = YES;
				CLANG_WARN_OBJC_IMPLICIT_RETAIN_SELF = YES;
				CLANG_WARN_OBJC_LITERAL_CONVERSION = YES;
				CLANG_WARN_OBJC_ROOT_CLASS = YES_ERROR;
				CLANG_WARN_QUOTED_INCLUDE_IN_FRAMEWORK_HEADER = YES;
				CLANG_WARN_RANGE_LOOP_ANALYSIS = YES;
				CLANG_WARN_STRICT_PROTOTYPES = YES;
				CLANG_WARN_SUSPICIOUS_MOVE = YES;
				CLANG_WARN_UNGUARDED_AVAILABILITY = YES_AGGRESSIVE;
				CLANG_WARN_UNREACHABLE_CODE = YES;
				CLANG_WARN__DUPLICATE_METHOD_MATCH = YES;
				COPY_PHASE_STRIP = NO;
				DEBUG_INFORMATION_FORMAT = dwarf;
				ENABLE_STRICT_OBJC_MSGSEND = YES;
				ENABLE_TESTABILITY = YES;
				GCC_C_LANGUAGE_STANDARD = gnu11;
				GCC_DYNAMIC_NO_PIC = NO;
				GCC_NO_COMMON_BLOCKS = YES;
				GCC_OPTIMIZATION_LEVEL = 0;
				GCC_PREPROCESSOR_DEFINITIONS = (
					"DEBUG=1",
					"$(inherited)",
				);
				GCC_WARN_64_TO_32_BIT_CONVERSION = YES;
				GCC_WARN_ABOUT_RETURN_TYPE = YES_ERROR;
				GCC_WARN_UNDECLARED_SELECTOR = YES;
				GCC_WARN_UNINITIALIZED_AUTOS = YES_AGGRESSIVE;
				GCC_WARN_UNUSED_FUNCTION = YES;
				GCC_WARN_UNUSED_VARIABLE = YES;
				MACOSX_DEPLOYMENT_TARGET = 12.3;
				MTL_ENABLE_DEBUG_INFO = INCLUDE_SOURCE;
				MTL_FAST_MATH = YES;
				ONLY_ACTIVE_ARCH = YES;
				SDKROOT = macosx;
				SWIFT_ACTIVE_COMPILATION_CONDITIONS = DEBUG;
				SWIFT_OPTIMIZATION_LEVEL = "-Onone";
			};
			name = Debug;
		};
		DD6C913F282CA0690029301B /* Release */ = {
			isa = XCBuildConfiguration;
			buildSettings = {
				ALWAYS_SEARCH_USER_PATHS = NO;
				CLANG_ANALYZER_NONNULL = YES;
				CLANG_ANALYZER_NUMBER_OBJECT_CONVERSION = YES_AGGRESSIVE;
				CLANG_CXX_LANGUAGE_STANDARD = "gnu++17";
				CLANG_ENABLE_MODULES = YES;
				CLANG_ENABLE_OBJC_ARC = YES;
				CLANG_ENABLE_OBJC_WEAK = YES;
				CLANG_WARN_BLOCK_CAPTURE_AUTORELEASING = YES;
				CLANG_WARN_BOOL_CONVERSION = YES;
				CLANG_WARN_COMMA = YES;
				CLANG_WARN_CONSTANT_CONVERSION = YES;
				CLANG_WARN_DEPRECATED_OBJC_IMPLEMENTATIONS = YES;
				CLANG_WARN_DIRECT_OBJC_ISA_USAGE = YES_ERROR;
				CLANG_WARN_DOCUMENTATION_COMMENTS = YES;
				CLANG_WARN_EMPTY_BODY = YES;
				CLANG_WARN_ENUM_CONVERSION = YES;
				CLANG_WARN_INFINITE_RECURSION = YES;
				CLANG_WARN_INT_CONVERSION = YES;
				CLANG_WARN_NON_LITERAL_NULL_CONVERSION = YES;
				CLANG_WARN_OBJC_IMPLICIT_RETAIN_SELF = YES;
				CLANG_WARN_OBJC_LITERAL_CONVERSION = YES;
				CLANG_WARN_OBJC_ROOT_CLASS = YES_ERROR;
				CLANG_WARN_QUOTED_INCLUDE_IN_FRAMEWORK_HEADER = YES;
				CLANG_WARN_RANGE_LOOP_ANALYSIS = YES;
				CLANG_WARN_STRICT_PROTOTYPES = YES;
				CLANG_WARN_SUSPICIOUS_MOVE = YES;
				CLANG_WARN_UNGUARDED_AVAILABILITY = YES_AGGRESSIVE;
				CLANG_WARN_UNREACHABLE_CODE = YES;
				CLANG_WARN__DUPLICATE_METHOD_MATCH = YES;
				COPY_PHASE_STRIP = NO;
				DEBUG_INFORMATION_FORMAT = "dwarf-with-dsym";
				ENABLE_NS_ASSERTIONS = NO;
				ENABLE_STRICT_OBJC_MSGSEND = YES;
				GCC_C_LANGUAGE_STANDARD = gnu11;
				GCC_NO_COMMON_BLOCKS = YES;
				GCC_WARN_64_TO_32_BIT_CONVERSION = YES;
				GCC_WARN_ABOUT_RETURN_TYPE = YES_ERROR;
				GCC_WARN_UNDECLARED_SELECTOR = YES;
				GCC_WARN_UNINITIALIZED_AUTOS = YES_AGGRESSIVE;
				GCC_WARN_UNUSED_FUNCTION = YES;
				GCC_WARN_UNUSED_VARIABLE = YES;
				MACOSX_DEPLOYMENT_TARGET = 12.3;
				MTL_ENABLE_DEBUG_INFO = NO;
				MTL_FAST_MATH = YES;
				SDKROOT = macosx;
				SWIFT_COMPILATION_MODE = wholemodule;
				SWIFT_OPTIMIZATION_LEVEL = "-O";
			};
			name = Release;
		};
		DD6C9141282CA0690029301B /* Debug */ = {
			isa = XCBuildConfiguration;
			buildSettings = {
				ASSETCATALOG_COMPILER_APPICON_NAME = AppIcon;
				ASSETCATALOG_COMPILER_GLOBAL_ACCENT_COLOR_NAME = AccentColor;
				CODE_SIGN_ENTITLEMENTS = EnvError/EnvError.entitlements;
				CODE_SIGN_STYLE = Automatic;
				COMBINE_HIDPI_IMAGES = YES;
				CURRENT_PROJECT_VERSION = 1;
				DEVELOPMENT_ASSET_PATHS = "\"EnvError/Preview Content\"";
				ENABLE_PREVIEWS = YES;
				GENERATE_INFOPLIST_FILE = YES;
				INFOPLIST_KEY_NSHumanReadableCopyright = "";
				LD_RUNPATH_SEARCH_PATHS = (
					"$(inherited)",
					"@executable_path/../Frameworks",
				);
				MARKETING_VERSION = 1.0;
				PRODUCT_BUNDLE_IDENTIFIER = HappyMediumAudio.EnvError;
				PRODUCT_NAME = "$(TARGET_NAME)";
				SWIFT_EMIT_LOC_STRINGS = YES;
				SWIFT_VERSION = 5.0;
			};
			name = Debug;
		};
		DD6C9142282CA0690029301B /* Release */ = {
			isa = XCBuildConfiguration;
			buildSettings = {
				ASSETCATALOG_COMPILER_APPICON_NAME = AppIcon;
				ASSETCATALOG_COMPILER_GLOBAL_ACCENT_COLOR_NAME = AccentColor;
				CODE_SIGN_ENTITLEMENTS = EnvError/EnvError.entitlements;
				CODE_SIGN_STYLE = Automatic;
				COMBINE_HIDPI_IMAGES = YES;
				CURRENT_PROJECT_VERSION = 1;
				DEVELOPMENT_ASSET_PATHS = "\"EnvError/Preview Content\"";
				ENABLE_PREVIEWS = YES;
				GENERATE_INFOPLIST_FILE = YES;
				INFOPLIST_KEY_NSHumanReadableCopyright = "";
				LD_RUNPATH_SEARCH_PATHS = (
					"$(inherited)",
					"@executable_path/../Frameworks",
				);
				MARKETING_VERSION = 1.0;
				PRODUCT_BUNDLE_IDENTIFIER = HappyMediumAudio.EnvError;
				PRODUCT_NAME = "$(TARGET_NAME)";
				SWIFT_EMIT_LOC_STRINGS = YES;
				SWIFT_VERSION = 5.0;
			};
			name = Release;
		};
		DD6C9144282CA0690029301B /* Debug */ = {
			isa = XCBuildConfiguration;
			buildSettings = {
				ALWAYS_EMBED_SWIFT_STANDARD_LIBRARIES = YES;
				BUNDLE_LOADER = "$(TEST_HOST)";
				CODE_SIGN_STYLE = Automatic;
				CURRENT_PROJECT_VERSION = 1;
				GENERATE_INFOPLIST_FILE = YES;
				MACOSX_DEPLOYMENT_TARGET = 12.3;
				MARKETING_VERSION = 1.0;
				PRODUCT_BUNDLE_IDENTIFIER = HappyMediumAudio.EnvErrorTests;
				PRODUCT_NAME = "$(TARGET_NAME)";
				SWIFT_EMIT_LOC_STRINGS = NO;
				SWIFT_VERSION = 5.0;
				TEST_HOST = "$(BUILT_PRODUCTS_DIR)/EnvError.app/Contents/MacOS/EnvError";
			};
			name = Debug;
		};
		DD6C9145282CA0690029301B /* Release */ = {
			isa = XCBuildConfiguration;
			buildSettings = {
				ALWAYS_EMBED_SWIFT_STANDARD_LIBRARIES = YES;
				BUNDLE_LOADER = "$(TEST_HOST)";
				CODE_SIGN_STYLE = Automatic;
				CURRENT_PROJECT_VERSION = 1;
				GENERATE_INFOPLIST_FILE = YES;
				MACOSX_DEPLOYMENT_TARGET = 12.3;
				MARKETING_VERSION = 1.0;
				PRODUCT_BUNDLE_IDENTIFIER = HappyMediumAudio.EnvErrorTests;
				PRODUCT_NAME = "$(TARGET_NAME)";
				SWIFT_EMIT_LOC_STRINGS = NO;
				SWIFT_VERSION = 5.0;
				TEST_HOST = "$(BUILT_PRODUCTS_DIR)/EnvError.app/Contents/MacOS/EnvError";
			};
			name = Release;
		};
		DD6C9147282CA0690029301B /* Debug */ = {
			isa = XCBuildConfiguration;
			buildSettings = {
				ALWAYS_EMBED_SWIFT_STANDARD_LIBRARIES = YES;
				CODE_SIGN_STYLE = Automatic;
				CURRENT_PROJECT_VERSION = 1;
				GENERATE_INFOPLIST_FILE = YES;
				MARKETING_VERSION = 1.0;
				PRODUCT_BUNDLE_IDENTIFIER = HappyMediumAudio.EnvErrorUITests;
				PRODUCT_NAME = "$(TARGET_NAME)";
				SWIFT_EMIT_LOC_STRINGS = NO;
				SWIFT_VERSION = 5.0;
				TEST_TARGET_NAME = EnvError;
			};
			name = Debug;
		};
		DD6C9148282CA0690029301B /* Release */ = {
			isa = XCBuildConfiguration;
			buildSettings = {
				ALWAYS_EMBED_SWIFT_STANDARD_LIBRARIES = YES;
				CODE_SIGN_STYLE = Automatic;
				CURRENT_PROJECT_VERSION = 1;
				GENERATE_INFOPLIST_FILE = YES;
				MARKETING_VERSION = 1.0;
				PRODUCT_BUNDLE_IDENTIFIER = HappyMediumAudio.EnvErrorUITests;
				PRODUCT_NAME = "$(TARGET_NAME)";
				SWIFT_EMIT_LOC_STRINGS = NO;
				SWIFT_VERSION = 5.0;
				TEST_TARGET_NAME = EnvError;
			};
			name = Release;
		};
/* End XCBuildConfiguration section */

/* Begin XCConfigurationList section */
		DD6C9111282CA0670029301B /* Build configuration list for PBXProject "EnvError" */ = {
			isa = XCConfigurationList;
			buildConfigurations = (
				DD6C913E282CA0690029301B /* Debug */,
				DD6C913F282CA0690029301B /* Release */,
			);
			defaultConfigurationIsVisible = 0;
			defaultConfigurationName = Release;
		};
		DD6C9140282CA0690029301B /* Build configuration list for PBXNativeTarget "EnvError" */ = {
			isa = XCConfigurationList;
			buildConfigurations = (
				DD6C9141282CA0690029301B /* Debug */,
				DD6C9142282CA0690029301B /* Release */,
			);
			defaultConfigurationIsVisible = 0;
			defaultConfigurationName = Release;
		};
		DD6C9143282CA0690029301B /* Build configuration list for PBXNativeTarget "EnvErrorTests" */ = {
			isa = XCConfigurationList;
			buildConfigurations = (
				DD6C9144282CA0690029301B /* Debug */,
				DD6C9145282CA0690029301B /* Release */,
			);
			defaultConfigurationIsVisible = 0;
			defaultConfigurationName = Release;
		};
		DD6C9146282CA0690029301B /* Build configuration list for PBXNativeTarget "EnvErrorUITests" */ = {
			isa = XCConfigurationList;
			buildConfigurations = (
				DD6C9147282CA0690029301B /* Debug */,
				DD6C9148282CA0690029301B /* Release */,
			);
			defaultConfigurationIsVisible = 0;
			defaultConfigurationName = Release;
		};
/* End XCConfigurationList section */

/* Begin XCRemoteSwiftPackageReference section */
		DD6C914A282CA3FB0029301B /* XCRemoteSwiftPackageReference "ViewInspector" */ = {
			isa = XCRemoteSwiftPackageReference;
			repositoryURL = "https://github.com/nalexn/ViewInspector";
			requirement = {
				branch = master;
				kind = branch;
			};
		};
/* End XCRemoteSwiftPackageReference section */

/* Begin XCSwiftPackageProductDependency section */
		DD6C914B282CA3FB0029301B /* ViewInspector */ = {
			isa = XCSwiftPackageProductDependency;
			package = DD6C914A282CA3FB0029301B /* XCRemoteSwiftPackageReference "ViewInspector" */;
			productName = ViewInspector;
		};
/* End XCSwiftPackageProductDependency section */

/* Begin XCVersionGroup section */
		DD6C9124282CA0690029301B /* EnvError.xcdatamodeld */ = {
			isa = XCVersionGroup;
			children = (
				DD6C9125282CA0690029301B /* EnvError.xcdatamodel */,
			);
			currentVersion = DD6C9125282CA0690029301B /* EnvError.xcdatamodel */;
			path = EnvError.xcdatamodeld;
			sourceTree = "<group>";
			versionGroupType = wrapper.xcdatamodel;
		};
/* End XCVersionGroup section */
	};
	rootObject = DD6C910E282CA0670029301B /* Project object */;
}
